
Microsoft Visual Studio Solution File, Format Version 12.00
# Visual Studio 2013
VisualStudioVersion = 12.0.31101.0
MinimumVisualStudioVersion = 10.0.40219.1
Project("{FAE04EC0-301F-11D3-BF4B-00C04F79EFBC}") = "JSTest", "JSTest\JSTest.csproj", "{D2488D8A-8250-48DB-9F17-5A8CA7D3D8FE}"
EndProject
Global
	GlobalSection(SolutionConfigurationPlatforms) = preSolution
		Debug|Any CPU = Debug|Any CPU
		Release|Any CPU = Release|Any CPU
	EndGlobalSection
	GlobalSection(ProjectConfigurationPlatforms) = postSolution
		{D2488D8A-8250-48DB-9F17-5A8CA7D3D8FE}.Debug|Any CPU.ActiveCfg = Debug|Any CPU
		{D2488D8A-8250-48DB-9F17-5A8CA7D3D8FE}.Debug|Any CPU.Build.0 = Debug|Any CPU
		{D2488D8A-8250-48DB-9F17-5A8CA7D3D8FE}.Release|Any CPU.ActiveCfg = Release|Any CPU
		{D2488D8A-8250-48DB-9F17-5A8CA7D3D8FE}.Release|Any CPU.Build.0 = Release|Any CPU
	EndGlobalSection
	GlobalSection(SolutionProperties) = preSolution
		HideSolutionNode = FALSE
	EndGlobalSection
EndGlobal
